
Microsoft Visual Studio Solution File, Format Version 12.00
# Visual Studio Version 16
VisualStudioVersion = 16.0.29905.134
MinimumVisualStudioVersion = 10.0.40219.1
Project("{FAE04EC0-301F-11D3-BF4B-00C04F79EFBC}") = "KR1", "KR1\KR1.csproj", "{9A850E54-309F-4462-B210-778CFEF3F013}"
	ProjectSection(ProjectDependencies) = postProject
		{B0899127-0412-4CD5-87E0-FC549B743D6E} = {B0899127-0412-4CD5-87E0-FC549B743D6E}
	EndProjectSection
EndProject
Project("{FAE04EC0-301F-11D3-BF4B-00C04F79EFBC}") = "WcfServiceLibrary1", "WcfServiceLibrary1\WcfServiceLibrary1.csproj", "{B0899127-0412-4CD5-87E0-FC549B743D6E}"
EndProject
Global
	GlobalSection(SolutionConfigurationPlatforms) = preSolution
		Debug|Any CPU = Debug|Any CPU
		Release|Any CPU = Release|Any CPU
	EndGlobalSection
	GlobalSection(ProjectConfigurationPlatforms) = postSolution
		{9A850E54-309F-4462-B210-778CFEF3F013}.Debug|Any CPU.ActiveCfg = Debug|Any CPU
		{9A850E54-309F-4462-B210-778CFEF3F013}.Debug|Any CPU.Build.0 = Debug|Any CPU
		{9A850E54-309F-4462-B210-778CFEF3F013}.Release|Any CPU.ActiveCfg = Release|Any CPU
		{9A850E54-309F-4462-B210-778CFEF3F013}.Release|Any CPU.Build.0 = Release|Any CPU
		{B0899127-0412-4CD5-87E0-FC549B743D6E}.Debug|Any CPU.ActiveCfg = Debug|Any CPU
		{B0899127-0412-4CD5-87E0-FC549B743D6E}.Debug|Any CPU.Build.0 = Debug|Any CPU
		{B0899127-0412-4CD5-87E0-FC549B743D6E}.Release|Any CPU.ActiveCfg = Release|Any CPU
		{B0899127-0412-4CD5-87E0-FC549B743D6E}.Release|Any CPU.Build.0 = Release|Any CPU
	EndGlobalSection
	GlobalSection(SolutionProperties) = preSolution
		HideSolutionNode = FALSE
	EndGlobalSection
	GlobalSection(ExtensibilityGlobals) = postSolution
		SolutionGuid = {5A318C23-D899-4FD2-A983-37FFC6046F66}
	EndGlobalSection
EndGlobal
